
Microsoft Visual Studio Solution File, Format Version 12.00
# Visual Studio Version 17
VisualStudioVersion = 17.13.35919.96
MinimumVisualStudioVersion = 10.0.40219.1
Project("{FAE04EC0-301F-11D3-BF4B-00C04F79EFBC}") = "Sunlighter.TypeTraitsLib", "Sunlighter.TypeTraitsLib\Sunlighter.TypeTraitsLib.csproj", "{703914BA-C59A-809B-050F-255583676FC5}"
EndProject
Project("{2150E333-8FDC-42A3-9474-1A3956D46DE8}") = "Solution Items", "Solution Items", "{8EC462FD-D22E-90A8-E5CE-7E832BA40C5D}"
	ProjectSection(SolutionItems) = preProject
		LICENSE-Apache-2.0 = LICENSE-Apache-2.0
		LICENSE-MIT = LICENSE-MIT
		README.md = README.md
	EndProjectSection
EndProject
Global
	GlobalSection(SolutionConfigurationPlatforms) = preSolution
		Debug|Any CPU = Debug|Any CPU
		Release|Any CPU = Release|Any CPU
	EndGlobalSection
	GlobalSection(ProjectConfigurationPlatforms) = postSolution
		{703914BA-C59A-809B-050F-255583676FC5}.Debug|Any CPU.ActiveCfg = Debug|Any CPU
		{703914BA-C59A-809B-050F-255583676FC5}.Debug|Any CPU.Build.0 = Debug|Any CPU
		{703914BA-C59A-809B-050F-255583676FC5}.Release|Any CPU.ActiveCfg = Release|Any CPU
		{703914BA-C59A-809B-050F-255583676FC5}.Release|Any CPU.Build.0 = Release|Any CPU
	EndGlobalSection
	GlobalSection(SolutionProperties) = preSolution
		HideSolutionNode = FALSE
	EndGlobalSection
	GlobalSection(ExtensibilityGlobals) = postSolution
		SolutionGuid = {859390C2-C1C3-47F4-B5E2-C970B501F7A2}
	EndGlobalSection
EndGlobal
